
Microsoft Visual Studio Solution File, Format Version 12.00
# Visual Studio 15
VisualStudioVersion = 15.0.27428.1
MinimumVisualStudioVersion = 10.0.40219.1
Project("{8BC9CEB8-8B4A-11D0-8D11-00A0C91BC942}") = "Student_1", "Student_1\Student_1.vcxproj", "{F7B77B43-5466-4E24-929E-42815E853CF9}"
EndProject
Global
	GlobalSection(SolutionConfigurationPlatforms) = preSolution
		Debug|x64 = Debug|x64
		Debug|x86 = Debug|x86
		Release|x64 = Release|x64
		Release|x86 = Release|x86
	EndGlobalSection
	GlobalSection(ProjectConfigurationPlatforms) = postSolution
		{F7B77B43-5466-4E24-929E-42815E853CF9}.Debug|x64.ActiveCfg = Debug|x64
		{F7B77B43-5466-4E24-929E-42815E853CF9}.Debug|x64.Build.0 = Debug|x64
		{F7B77B43-5466-4E24-929E-42815E853CF9}.Debug|x86.ActiveCfg = Debug|Win32
		{F7B77B43-5466-4E24-929E-42815E853CF9}.Debug|x86.Build.0 = Debug|Win32
		{F7B77B43-5466-4E24-929E-42815E853CF9}.Release|x64.ActiveCfg = Release|x64
		{F7B77B43-5466-4E24-929E-42815E853CF9}.Release|x64.Build.0 = Release|x64
		{F7B77B43-5466-4E24-929E-42815E853CF9}.Release|x86.ActiveCfg = Release|Win32
		{F7B77B43-5466-4E24-929E-42815E853CF9}.Release|x86.Build.0 = Release|Win32
	EndGlobalSection
	GlobalSection(SolutionProperties) = preSolution
		HideSolutionNode = FALSE
	EndGlobalSection
	GlobalSection(ExtensibilityGlobals) = postSolution
		SolutionGuid = {346FFBA5-1F21-4987-9E80-9E658286C622}
	EndGlobalSection
EndGlobal
